
Microsoft Visual Studio Solution File, Format Version 12.00
# Visual Studio 15
VisualStudioVersion = 15.0.27703.2026
MinimumVisualStudioVersion = 10.0.40219.1
Project("{FAE04EC0-301F-11D3-BF4B-00C04F79EFBC}") = "Risk_REST", "Risk_REST\Risk_REST.csproj", "{884B5C17-A92C-4A48-A07F-7E8F4CAD6764}"
EndProject
Global
	GlobalSection(SolutionConfigurationPlatforms) = preSolution
		Debug|Any CPU = Debug|Any CPU
		Release|Any CPU = Release|Any CPU
	EndGlobalSection
	GlobalSection(ProjectConfigurationPlatforms) = postSolution
		{884B5C17-A92C-4A48-A07F-7E8F4CAD6764}.Debug|Any CPU.ActiveCfg = Debug|Any CPU
		{884B5C17-A92C-4A48-A07F-7E8F4CAD6764}.Debug|Any CPU.Build.0 = Debug|Any CPU
		{884B5C17-A92C-4A48-A07F-7E8F4CAD6764}.Release|Any CPU.ActiveCfg = Release|Any CPU
		{884B5C17-A92C-4A48-A07F-7E8F4CAD6764}.Release|Any CPU.Build.0 = Release|Any CPU
	EndGlobalSection
	GlobalSection(SolutionProperties) = preSolution
		HideSolutionNode = FALSE
	EndGlobalSection
	GlobalSection(ExtensibilityGlobals) = postSolution
		SolutionGuid = {1BC20310-644F-4476-A646-3F50623ACFE3}
	EndGlobalSection
EndGlobal
